// !$*UTF8*$!
{
	archiveVersion = 1;
	classes = {
	};
	objectVersion = 46;
	objects = {

/* Begin PBXBuildFile section */
		A322600D1BBBC6D200FF163F /* main.cpp in Sources */ = {isa = PBXBuildFile; fileRef = A322600C1BBBC6D200FF163F /* main.cpp */; };
		A32260101BBBC6DD00FF163F /* MemPool.cpp in Sources */ = {isa = PBXBuildFile; fileRef = A322600E1BBBC6DD00FF163F /* MemPool.cpp */; };
/* End PBXBuildFile section */

/* Begin PBXCopyFilesBuildPhase section */
		A32260001BBBC5DF00FF163F /* CopyFiles */ = {
			isa = PBXCopyFilesBuildPhase;
			buildActionMask = 2147483647;
			dstPath = /usr/share/man/man1/;
			dstSubfolderSpec = 0;
			files = (
			);
			runOnlyForDeploymentPostprocessing = 1;
		};
/* End PBXCopyFilesBuildPhase section */

/* Begin PBXFileReference section */
		A32260021BBBC5DF00FF163F /* mempool */ = {isa = PBXFileReference; explicitFileType = "compiled.mach-o.executable"; includeInIndex = 0; path = mempool; sourceTree = BUILT_PRODUCTS_DIR; };
		A322600C1BBBC6D200FF163F /* main.cpp */ = {isa = PBXFileReference; fileEncoding = 4; lastKnownFileType = sourcecode.cpp.cpp; path = main.cpp; sourceTree = "<group>"; };
		A322600E1BBBC6DD00FF163F /* MemPool.cpp */ = {isa = PBXFileReference; fileEncoding = 4; lastKnownFileType = sourcecode.cpp.cpp; path = MemPool.cpp; sourceTree = "<group>"; };
		A322600F1BBBC6DD00FF163F /* MemPool.h */ = {isa = PBXFileReference; fileEncoding = 4; lastKnownFileType = sourcecode.c.h; path = MemPool.h; sourceTree = "<group>"; };
/* End PBXFileReference section */

/* Begin PBXFrameworksBuildPhase section */
		A3225FFF1BBBC5DF00FF163F /* Frameworks */ = {
			isa = PBXFrameworksBuildPhase;
			buildActionMask = 2147483647;
			files = (
			);
			runOnlyForDeploymentPostprocessing = 0;
		};
/* End PBXFrameworksBuildPhase section */

/* Begin PBXGroup section */
		A3225FF91BBBC5DF00FF163F = {
			isa = PBXGroup;
			children = (
				A32260041BBBC5DF00FF163F /* mempool */,
				A32260031BBBC5DF00FF163F /* Products */,
			);
			sourceTree = "<group>";
		};
		A32260031BBBC5DF00FF163F /* Products */ = {
			isa = PBXGroup;
			children = (
				A32260021BBBC5DF00FF163F /* mempool */,
			);
			name = Products;
			sourceTree = "<group>";
		};
		A32260041BBBC5DF00FF163F /* mempool */ = {
			isa = PBXGroup;
			children = (
				A322600C1BBBC6D200FF163F /* main.cpp */,
				A322600E1BBBC6DD00FF163F /* MemPool.cpp */,
				A322600F1BBBC6DD00FF163F /* MemPool.h */,
			);
			path = mempool;
			sourceTree = "<group>";
		};
/* End PBXGroup section */

/* Begin PBXNativeTarget section */
		A32260011BBBC5DF00FF163F /* mempool */ = {
			isa = PBXNativeTarget;
			buildConfigurationList = A32260091BBBC5DF00FF163F /* Build configuration list for PBXNativeTarget "mempool" */;
			buildPhases = (
				A3225FFE1BBBC5DF00FF163F /* Sources */,
				A3225FFF1BBBC5DF00FF163F /* Frameworks */,
				A32260001BBBC5DF00FF163F /* CopyFiles */,
			);
			buildRules = (
			);
			dependencies = (
			);
			name = mempool;
			productName = mempool;
			productReference = A32260021BBBC5DF00FF163F /* mempool */;
			productType = "com.apple.product-type.tool";
		};
/* End PBXNativeTarget section */

/* Begin PBXProject section */
		A3225FFA1BBBC5DF00FF163F /* Project object */ = {
			isa = PBXProject;
			attributes = {
				LastUpgradeCheck = 0630;
				ORGANIZATIONNAME = gjwang;
				TargetAttributes = {
					A32260011BBBC5DF00FF163F = {
						CreatedOnToolsVersion = 6.3.2;
					};
				};
			};
			buildConfigurationList = A3225FFD1BBBC5DF00FF163F /* Build configuration list for PBXProject "mempool" */;
			compatibilityVersion = "Xcode 3.2";
			developmentRegion = English;
			hasScannedForEncodings = 0;
			knownRegions = (
				en,
			);
			mainGroup = A3225FF91BBBC5DF00FF163F;
			productRefGroup = A32260031BBBC5DF00FF163F /* Products */;
			projectDirPath = "";
			projectRoot = "";
			targets = (
				A32260011BBBC5DF00FF163F /* mempool */,
			);
		};
/* End PBXProject section */

/* Begin PBXSourcesBuildPhase section */
		A3225FFE1BBBC5DF00FF163F /* Sources */ = {
			isa = PBXSourcesBuildPhase;
			buildActionMask = 2147483647;
			files = (
				A322600D1BBBC6D200FF163F /* main.cpp in Sources */,
				A32260101BBBC6DD00FF163F /* MemPool.cpp in Sources */,
			);
			runOnlyForDeploymentPostprocessing = 0;
		};
/* End PBXSourcesBuildPhase section */

/* Begin XCBuildConfiguration section */
		A32260071BBBC5DF00FF163F /* Debug */ = {
			isa = XCBuildConfiguration;
			buildSettings = {
				ALWAYS_SEARCH_USER_PATHS = NO;
				CLANG_CXX_LANGUAGE_STANDARD = "gnu++0x";
				CLANG_CXX_LIBRARY = "libc++";
				CLANG_ENABLE_MODULES = YES;
				CLANG_ENABLE_OBJC_ARC = YES;
				CLANG_WARN_BOOL_CONVERSION = YES;
				CLANG_WARN_CONSTANT_CONVERSION = YES;
				CLANG_WARN_DIRECT_OBJC_ISA_USAGE = YES_ERROR;
				CLANG_WARN_EMPTY_BODY = YES;
				CLANG_WARN_ENUM_CONVERSION = YES;
				CLANG_WARN_INT_CONVERSION = YES;
				CLANG_WARN_OBJC_ROOT_CLASS = YES_ERROR;
				CLANG_WARN_UNREACHABLE_CODE = YES;
				CLANG_WARN__DUPLICATE_METHOD_MATCH = YES;
				COPY_PHASE_STRIP = NO;
				DEBUG_INFORMATION_FORMAT = dwarf;
				ENABLE_STRICT_OBJC_MSGSEND = YES;
				GCC_C_LANGUAGE_STANDARD = gnu99;
				GCC_DYNAMIC_NO_PIC = NO;
				GCC_NO_COMMON_BLOCKS = YES;
				GCC_OPTIMIZATION_LEVEL = 0;
				GCC_PREPROCESSOR_DEFINITIONS = (
					"DEBUG=1",
					"$(inherited)",
				);
				GCC_SYMBOLS_PRIVATE_EXTERN = NO;
				GCC_WARN_64_TO_32_BIT_CONVERSION = YES;
				GCC_WARN_ABOUT_RETURN_TYPE = YES_ERROR;
				GCC_WARN_UNDECLARED_SELECTOR = YES;
				GCC_WARN_UNINITIALIZED_AUTOS = YES_AGGRESSIVE;
				GCC_WARN_UNUSED_FUNCTION = YES;
				GCC_WARN_UNUSED_VARIABLE = YES;
				MACOSX_DEPLOYMENT_TARGET = 10.10;
				MTL_ENABLE_DEBUG_INFO = YES;
				ONLY_ACTIVE_ARCH = YES;
				SDKROOT = macosx;
			};
			name = Debug;
		};
		A32260081BBBC5DF00FF163F /* Release */ = {
			isa = XCBuildConfiguration;
			buildSettings = {
				ALWAYS_SEARCH_USER_PATHS = NO;
				CLANG_CXX_LANGUAGE_STANDARD = "gnu++0x";
				CLANG_CXX_LIBRARY = "libc++";
				CLANG_ENABLE_MODULES = YES;
				CLANG_ENABLE_OBJC_ARC = YES;
				CLANG_WARN_BOOL_CONVERSION = YES;
				CLANG_WARN_CONSTANT_CONVERSION = YES;
				CLANG_WARN_DIRECT_OBJC_ISA_USAGE = YES_ERROR;
				CLANG_WARN_EMPTY_BODY = YES;
				CLANG_WARN_ENUM_CONVERSION = YES;
				CLANG_WARN_INT_CONVERSION = YES;
				CLANG_WARN_OBJC_ROOT_CLASS = YES_ERROR;
				CLANG_WARN_UNREACHABLE_CODE = YES;
				CLANG_WARN__DUPLICATE_METHOD_MATCH = YES;
				COPY_PHASE_STRIP = NO;
				DEBUG_INFORMATION_FORMAT = "dwarf-with-dsym";
				ENABLE_NS_ASSERTIONS = NO;
				ENABLE_STRICT_OBJC_MSGSEND = YES;
				GCC_C_LANGUAGE_STANDARD = gnu99;
				GCC_NO_COMMON_BLOCKS = YES;
				GCC_WARN_64_TO_32_BIT_CONVERSION = YES;
				GCC_WARN_ABOUT_RETURN_TYPE = YES_ERROR;
				GCC_WARN_UNDECLARED_SELECTOR = YES;
				GCC_WARN_UNINITIALIZED_AUTOS = YES_AGGRESSIVE;
				GCC_WARN_UNUSED_FUNCTION = YES;
				GCC_WARN_UNUSED_VARIABLE = YES;
				MACOSX_DEPLOYMENT_TARGET = 10.10;
				MTL_ENABLE_DEBUG_INFO = NO;
				SDKROOT = macosx;
			};
			name = Release;
		};
		A322600A1BBBC5DF00FF163F /* Debug */ = {
			isa = XCBuildConfiguration;
			buildSettings = {
				PRODUCT_NAME = "$(TARGET_NAME)";
			};
			name = Debug;
		};
		A322600B1BBBC5DF00FF163F /* Release */ = {
			isa = XCBuildConfiguration;
			buildSettings = {
				PRODUCT_NAME = "$(TARGET_NAME)";
			};
			name = Release;
		};
/* End XCBuildConfiguration section */

/* Begin XCConfigurationList section */
		A3225FFD1BBBC5DF00FF163F /* Build configuration list for PBXProject "mempool" */ = {
			isa = XCConfigurationList;
			buildConfigurations = (
				A32260071BBBC5DF00FF163F /* Debug */,
				A32260081BBBC5DF00FF163F /* Release */,
			);
			defaultConfigurationIsVisible = 0;
			defaultConfigurationName = Release;
		};
		A32260091BBBC5DF00FF163F /* Build configuration list for PBXNativeTarget "mempool" */ = {
			isa = XCConfigurationList;
			buildConfigurations = (
				A322600A1BBBC5DF00FF163F /* Debug */,
				A322600B1BBBC5DF00FF163F /* Release */,
			);
			defaultConfigurationIsVisible = 0;
			defaultConfigurationName = Release;
		};
/* End XCConfigurationList section */
	};
	rootObject = A3225FFA1BBBC5DF00FF163F /* Project object */;
}
